
Microsoft Visual Studio Solution File, Format Version 12.00
Project("{FAE04EC0-301F-11D3-BF4B-00C04F79EFBC}") = "Zapper.Assessment", "Zapper.Assessment\Zapper.Assessment.csproj", "{4C579CEF-AA45-48AE-B0C7-20FCF19F161C}"
EndProject
Project("{FAE04EC0-301F-11D3-BF4B-00C04F79EFBC}") = "Zapper.Assessment.Tests", "Zapper.Assessment.Tests\Zapper.Assessment.Tests.csproj", "{D496D5DF-92B8-4C1F-84B9-C856F4CB3634}"
EndProject
Global
	GlobalSection(SolutionConfigurationPlatforms) = preSolution
		Debug|Any CPU = Debug|Any CPU
		Release|Any CPU = Release|Any CPU
	EndGlobalSection
	GlobalSection(ProjectConfigurationPlatforms) = postSolution
		{4C579CEF-AA45-48AE-B0C7-20FCF19F161C}.Debug|Any CPU.ActiveCfg = Debug|Any CPU
		{4C579CEF-AA45-48AE-B0C7-20FCF19F161C}.Debug|Any CPU.Build.0 = Debug|Any CPU
		{4C579CEF-AA45-48AE-B0C7-20FCF19F161C}.Release|Any CPU.ActiveCfg = Release|Any CPU
		{4C579CEF-AA45-48AE-B0C7-20FCF19F161C}.Release|Any CPU.Build.0 = Release|Any CPU
		{D496D5DF-92B8-4C1F-84B9-C856F4CB3634}.Debug|Any CPU.ActiveCfg = Debug|Any CPU
		{D496D5DF-92B8-4C1F-84B9-C856F4CB3634}.Debug|Any CPU.Build.0 = Debug|Any CPU
		{D496D5DF-92B8-4C1F-84B9-C856F4CB3634}.Release|Any CPU.ActiveCfg = Release|Any CPU
		{D496D5DF-92B8-4C1F-84B9-C856F4CB3634}.Release|Any CPU.Build.0 = Release|Any CPU
	EndGlobalSection
EndGlobal
